
Microsoft Visual Studio Solution File, Format Version 12.00
# Visual Studio Version 17
VisualStudioVersion = 17.5.33530.505
MinimumVisualStudioVersion = 10.0.40219.1
Project("{FAE04EC0-301F-11D3-BF4B-00C04F79EFBC}") = "Day4Homework", "Day4Homework\Day4Homework.csproj", "{31C06D24-CAD1-477A-91D5-2F9397DB010E}"
EndProject
Global
	GlobalSection(SolutionConfigurationPlatforms) = preSolution
		Debug|Any CPU = Debug|Any CPU
		Release|Any CPU = Release|Any CPU
	EndGlobalSection
	GlobalSection(ProjectConfigurationPlatforms) = postSolution
		{31C06D24-CAD1-477A-91D5-2F9397DB010E}.Debug|Any CPU.ActiveCfg = Debug|Any CPU
		{31C06D24-CAD1-477A-91D5-2F9397DB010E}.Debug|Any CPU.Build.0 = Debug|Any CPU
		{31C06D24-CAD1-477A-91D5-2F9397DB010E}.Release|Any CPU.ActiveCfg = Release|Any CPU
		{31C06D24-CAD1-477A-91D5-2F9397DB010E}.Release|Any CPU.Build.0 = Release|Any CPU
	EndGlobalSection
	GlobalSection(SolutionProperties) = preSolution
		HideSolutionNode = FALSE
	EndGlobalSection
	GlobalSection(ExtensibilityGlobals) = postSolution
		SolutionGuid = {BE20EAB5-C3EF-4181-BE4E-364152364F10}
	EndGlobalSection
EndGlobal
